
Microsoft Visual Studio Solution File, Format Version 12.00
# Visual Studio Version 17
VisualStudioVersion = 17.7.34031.279
MinimumVisualStudioVersion = 10.0.40219.1
Project("{9A19103F-16F7-4668-BE54-9A1E7A4F7556}") = "ProjetoCodex", "ProjetoCodex\ProjetoCodex.csproj", "{EA884151-C0EE-42B2-ABDE-9A856650F696}"
EndProject
Project("{2150E333-8FDC-42A3-9474-1A3956D46DE8}") = "Itens de Solução", "Itens de Solução", "{35465E69-C13D-46D8-82C3-6257AC0EC924}"
	ProjectSection(SolutionItems) = preProject
		..\..\..\BtnVerPubli.png = ..\..\..\BtnVerPubli.png
	EndProjectSection
EndProject
Global
	GlobalSection(SolutionConfigurationPlatforms) = preSolution
		Debug|Any CPU = Debug|Any CPU
		Release|Any CPU = Release|Any CPU
	EndGlobalSection
	GlobalSection(ProjectConfigurationPlatforms) = postSolution
		{EA884151-C0EE-42B2-ABDE-9A856650F696}.Debug|Any CPU.ActiveCfg = Debug|Any CPU
		{EA884151-C0EE-42B2-ABDE-9A856650F696}.Debug|Any CPU.Build.0 = Debug|Any CPU
		{EA884151-C0EE-42B2-ABDE-9A856650F696}.Release|Any CPU.ActiveCfg = Release|Any CPU
		{EA884151-C0EE-42B2-ABDE-9A856650F696}.Release|Any CPU.Build.0 = Release|Any CPU
	EndGlobalSection
	GlobalSection(SolutionProperties) = preSolution
		HideSolutionNode = FALSE
	EndGlobalSection
	GlobalSection(ExtensibilityGlobals) = postSolution
		SolutionGuid = {4BA3A76D-A2E5-47AE-9F19-DF116DDBFC30}
	EndGlobalSection
EndGlobal
